// !$*UTF8*$!
{
	archiveVersion = 1;
	classes = {
	};
	objectVersion = 52;
	objects = {

/* Begin PBXBuildFile section */
		063452D32787B44300758973 /* FuelLoupDataController.swift in Sources */ = {isa = PBXBuildFile; fileRef = 063452D22787B44300758973 /* FuelLoupDataController.swift */; };
		0634531A2790EF7D00758973 /* JsonDataToChargingParkTransformer.swift in Sources */ = {isa = PBXBuildFile; fileRef = 063453192790EF7D00758973 /* JsonDataToChargingParkTransformer.swift */; };
		06345327279C3A3900758973 /* added_fav.json in Resources */ = {isa = PBXBuildFile; fileRef = 06345326279C3A3900758973 /* added_fav.json */; };
		0634532B279C56F300758973 /* DataControllerAware.swift in Sources */ = {isa = PBXBuildFile; fileRef = 0634532A279C56F300758973 /* DataControllerAware.swift */; };
		0634532E27A6FEEA00758973 /* JsonDataToAddressTransformer.swift in Sources */ = {isa = PBXBuildFile; fileRef = 0634532D27A6FEEA00758973 /* JsonDataToAddressTransformer.swift */; };
		0634533027A7079700758973 /* Extensions.swift in Sources */ = {isa = PBXBuildFile; fileRef = 0634532F27A7079700758973 /* Extensions.swift */; };
		063F9F7726B8B169006DF74F /* ResultModel.swift in Sources */ = {isa = PBXBuildFile; fileRef = 063F9F7626B8B169006DF74F /* ResultModel.swift */; };
		063F9F7926D2C812006DF74F /* DetailsModel.swift in Sources */ = {isa = PBXBuildFile; fileRef = 063F9F7826D2C812006DF74F /* DetailsModel.swift */; };
		063F9F7B26D31B72006DF74F /* EvStationDetailsViewController.swift in Sources */ = {isa = PBXBuildFile; fileRef = 063F9F7A26D31B72006DF74F /* EvStationDetailsViewController.swift */; };
		063F9F7E26E033BA006DF74F /* EvStationPointAnnotation.swift in Sources */ = {isa = PBXBuildFile; fileRef = 063F9F7D26E033BA006DF74F /* EvStationPointAnnotation.swift */; };
		064EBAA927446A4D00DBBC9A /* TableTabViewController.swift in Sources */ = {isa = PBXBuildFile; fileRef = 064EBAA827446A4D00DBBC9A /* TableTabViewController.swift */; };
		064EBAAC274478C300DBBC9A /* EvStationHelper.swift in Sources */ = {isa = PBXBuildFile; fileRef = 064EBAAB274478C300DBBC9A /* EvStationHelper.swift */; };
		064EBAAE2745C60300DBBC9A /* EvStationLocationCell.swift in Sources */ = {isa = PBXBuildFile; fileRef = 064EBAAD2745C60300DBBC9A /* EvStationLocationCell.swift */; };
		064EBAB2274ED13800DBBC9A /* LocationHelper.swift in Sources */ = {isa = PBXBuildFile; fileRef = 064EBAB1274ED13800DBBC9A /* LocationHelper.swift */; };
		064EBAB62753F28900DBBC9A /* ResultViewModel.swift in Sources */ = {isa = PBXBuildFile; fileRef = 064EBAB52753F28900DBBC9A /* ResultViewModel.swift */; };
		064ED13828282DDB005253CA /* MapSettingsViewController.swift in Sources */ = {isa = PBXBuildFile; fileRef = 064ED13728282DDB005253CA /* MapSettingsViewController.swift */; };
		0663EDF3287207E200F53732 /* Localizable.strings in Resources */ = {isa = PBXBuildFile; fileRef = 0663EDF5287207E200F53732 /* Localizable.strings */; };
		0663EDF7287AF5E500F53732 /* ConnectorView.xib in Resources */ = {isa = PBXBuildFile; fileRef = 0663EDF9287AF5E500F53732 /* ConnectorView.xib */; };
		0699591B2716355E00D90343 /* ConnectorView.swift in Sources */ = {isa = PBXBuildFile; fileRef = 0699591A2716355E00D90343 /* ConnectorView.swift */; };
		06A2A3FA284982E900455666 /* Alamofire.xcframework in Frameworks */ = {isa = PBXBuildFile; fileRef = 064ED1352819FF35005253CA /* Alamofire.xcframework */; };
		06A2A3FB284982E900455666 /* Alamofire.xcframework in Embed Frameworks */ = {isa = PBXBuildFile; fileRef = 064ED1352819FF35005253CA /* Alamofire.xcframework */; settings = {ATTRIBUTES = (CodeSignOnCopy, RemoveHeadersOnCopy, ); }; };
		06A2A3FD284982EB00455666 /* Lottie.xcframework in Frameworks */ = {isa = PBXBuildFile; fileRef = 064ED1332819FE80005253CA /* Lottie.xcframework */; };
		06A2A3FE284982EB00455666 /* Lottie.xcframework in Embed Frameworks */ = {isa = PBXBuildFile; fileRef = 064ED1332819FE80005253CA /* Lottie.xcframework */; settings = {ATTRIBUTES = (CodeSignOnCopy, RemoveHeadersOnCopy, ); }; };
		06BB44202693B9FA00357948 /* AppDelegate.swift in Sources */ = {isa = PBXBuildFile; fileRef = 06BB441F2693B9FA00357948 /* AppDelegate.swift */; };
		06BB44222693B9FA00357948 /* SceneDelegate.swift in Sources */ = {isa = PBXBuildFile; fileRef = 06BB44212693B9FA00357948 /* SceneDelegate.swift */; };
		06BB44272693B9FA00357948 /* Main.storyboard in Resources */ = {isa = PBXBuildFile; fileRef = 06BB44252693B9FA00357948 /* Main.storyboard */; };
		06BB442A2693B9FA00357948 /* FuelLoup.xcdatamodeld in Sources */ = {isa = PBXBuildFile; fileRef = 06BB44282693B9FA00357948 /* FuelLoup.xcdatamodeld */; };
		06BB442C2693BA0000357948 /* Assets.xcassets in Resources */ = {isa = PBXBuildFile; fileRef = 06BB442B2693BA0000357948 /* Assets.xcassets */; };
		06BB442F2693BA0000357948 /* LaunchScreen.storyboard in Resources */ = {isa = PBXBuildFile; fileRef = 06BB442D2693BA0000357948 /* LaunchScreen.storyboard */; };
		06BB444B26950DE100357948 /* StationsResponse.swift in Sources */ = {isa = PBXBuildFile; fileRef = 06BB444A26950DE100357948 /* StationsResponse.swift */; };
		06BB444F26965C4600357948 /* FuelLoupClient.swift in Sources */ = {isa = PBXBuildFile; fileRef = 06BB444E26965C4600357948 /* FuelLoupClient.swift */; };
		06BB445126966E9300357948 /* MapTabViewController.swift in Sources */ = {isa = PBXBuildFile; fileRef = 06BB445026966E9300357948 /* MapTabViewController.swift */; };
		06BB445326966ECF00357948 /* NetworkHelper.swift in Sources */ = {isa = PBXBuildFile; fileRef = 06BB445226966ECF00357948 /* NetworkHelper.swift */; };
		06CBC1BF27B32523003C22C0 /* AddFavoritesButtonConfiguration.swift in Sources */ = {isa = PBXBuildFile; fileRef = 06CBC1BE27B32523003C22C0 /* AddFavoritesButtonConfiguration.swift */; };
		06CBC1C327B48608003C22C0 /* SegueIdentifiers.swift in Sources */ = {isa = PBXBuildFile; fileRef = 06CBC1C227B48608003C22C0 /* SegueIdentifiers.swift */; };
		06CBC1C527C12842003C22C0 /* FuelLoupAnnotationView.swift in Sources */ = {isa = PBXBuildFile; fileRef = 06CBC1C427C12842003C22C0 /* FuelLoupAnnotationView.swift */; };
		06CBC1C827C2B4B6003C22C0 /* CustomAnnotationView.swift in Sources */ = {isa = PBXBuildFile; fileRef = 06CBC1C727C2B4B6003C22C0 /* CustomAnnotationView.swift */; };
		06CBC1CA27C2B4DC003C22C0 /* CalloutView.swift in Sources */ = {isa = PBXBuildFile; fileRef = 06CBC1C927C2B4DC003C22C0 /* CalloutView.swift */; };
		06CBC1CC27C2BEC5003C22C0 /* ExampleCalloutView.swift in Sources */ = {isa = PBXBuildFile; fileRef = 06CBC1CB27C2BEC5003C22C0 /* ExampleCalloutView.swift */; };
/* End PBXBuildFile section */

/* Begin PBXCopyFilesBuildPhase section */
		06A2A3FC284982E900455666 /* Embed Frameworks */ = {
			isa = PBXCopyFilesBuildPhase;
			buildActionMask = 2147483647;
			dstPath = "";
			dstSubfolderSpec = 10;
			files = (
				06A2A3FE284982EB00455666 /* Lottie.xcframework in Embed Frameworks */,
				06A2A3FB284982E900455666 /* Alamofire.xcframework in Embed Frameworks */,
			);
			name = "Embed Frameworks";
			runOnlyForDeploymentPostprocessing = 0;
		};
/* End PBXCopyFilesBuildPhase section */

/* Begin PBXFileReference section */
		063452D22787B44300758973 /* FuelLoupDataController.swift */ = {isa = PBXFileReference; lastKnownFileType = sourcecode.swift; path = FuelLoupDataController.swift; sourceTree = "<group>"; };
		063453192790EF7D00758973 /* JsonDataToChargingParkTransformer.swift */ = {isa = PBXFileReference; lastKnownFileType = sourcecode.swift; path = JsonDataToChargingParkTransformer.swift; sourceTree = "<group>"; };
		06345326279C3A3900758973 /* added_fav.json */ = {isa = PBXFileReference; fileEncoding = 4; lastKnownFileType = text.json; path = added_fav.json; sourceTree = "<group>"; };
		0634532A279C56F300758973 /* DataControllerAware.swift */ = {isa = PBXFileReference; lastKnownFileType = sourcecode.swift; path = DataControllerAware.swift; sourceTree = "<group>"; };
		0634532D27A6FEEA00758973 /* JsonDataToAddressTransformer.swift */ = {isa = PBXFileReference; lastKnownFileType = sourcecode.swift; path = JsonDataToAddressTransformer.swift; sourceTree = "<group>"; };
		0634532F27A7079700758973 /* Extensions.swift */ = {isa = PBXFileReference; lastKnownFileType = sourcecode.swift; path = Extensions.swift; sourceTree = "<group>"; };
		063F9F7626B8B169006DF74F /* ResultModel.swift */ = {isa = PBXFileReference; lastKnownFileType = sourcecode.swift; path = ResultModel.swift; sourceTree = "<group>"; };
		063F9F7826D2C812006DF74F /* DetailsModel.swift */ = {isa = PBXFileReference; lastKnownFileType = sourcecode.swift; path = DetailsModel.swift; sourceTree = "<group>"; };
		063F9F7A26D31B72006DF74F /* EvStationDetailsViewController.swift */ = {isa = PBXFileReference; lastKnownFileType = sourcecode.swift; path = EvStationDetailsViewController.swift; sourceTree = "<group>"; };
		063F9F7D26E033BA006DF74F /* EvStationPointAnnotation.swift */ = {isa = PBXFileReference; lastKnownFileType = sourcecode.swift; path = EvStationPointAnnotation.swift; sourceTree = "<group>"; };
		064EBAA827446A4D00DBBC9A /* TableTabViewController.swift */ = {isa = PBXFileReference; lastKnownFileType = sourcecode.swift; path = TableTabViewController.swift; sourceTree = "<group>"; };
		064EBAAB274478C300DBBC9A /* EvStationHelper.swift */ = {isa = PBXFileReference; lastKnownFileType = sourcecode.swift; path = EvStationHelper.swift; sourceTree = "<group>"; };
		064EBAAD2745C60300DBBC9A /* EvStationLocationCell.swift */ = {isa = PBXFileReference; lastKnownFileType = sourcecode.swift; path = EvStationLocationCell.swift; sourceTree = "<group>"; };
		064EBAB1274ED13800DBBC9A /* LocationHelper.swift */ = {isa = PBXFileReference; lastKnownFileType = sourcecode.swift; path = LocationHelper.swift; sourceTree = "<group>"; };
		064EBAB52753F28900DBBC9A /* ResultViewModel.swift */ = {isa = PBXFileReference; lastKnownFileType = sourcecode.swift; path = ResultViewModel.swift; sourceTree = "<group>"; };
		064ED1332819FE80005253CA /* Lottie.xcframework */ = {isa = PBXFileReference; lastKnownFileType = wrapper.xcframework; path = Lottie.xcframework; sourceTree = "<group>"; };
		064ED1352819FF35005253CA /* Alamofire.xcframework */ = {isa = PBXFileReference; lastKnownFileType = wrapper.xcframework; path = Alamofire.xcframework; sourceTree = "<group>"; };
		064ED13728282DDB005253CA /* MapSettingsViewController.swift */ = {isa = PBXFileReference; lastKnownFileType = sourcecode.swift; path = MapSettingsViewController.swift; sourceTree = "<group>"; };
		0663EDEF2872078100F53732 /* pl */ = {isa = PBXFileReference; lastKnownFileType = text.plist.strings; name = pl; path = pl.lproj/Main.strings; sourceTree = "<group>"; };
		0663EDF02872078100F53732 /* pl */ = {isa = PBXFileReference; lastKnownFileType = text.plist.strings; name = pl; path = pl.lproj/LaunchScreen.strings; sourceTree = "<group>"; };
		0663EDF4287207E200F53732 /* pl */ = {isa = PBXFileReference; lastKnownFileType = text.plist.strings; name = pl; path = pl.lproj/Localizable.strings; sourceTree = "<group>"; };
		0663EDF62872087000F53732 /* en */ = {isa = PBXFileReference; lastKnownFileType = text.plist.strings; name = en; path = Base.lproj/Localizable.strings; sourceTree = "<group>"; };
		0663EDFA287AF5EC00F53732 /* Base */ = {isa = PBXFileReference; lastKnownFileType = file.xib; name = Base; path = Base.lproj/ConnectorView.xib; sourceTree = "<group>"; };
		0663EDFB287AF63500F53732 /* pl */ = {isa = PBXFileReference; lastKnownFileType = text.plist.strings; name = pl; path = pl.lproj/ConnectorView.strings; sourceTree = "<group>"; };
		0699591A2716355E00D90343 /* ConnectorView.swift */ = {isa = PBXFileReference; lastKnownFileType = sourcecode.swift; path = ConnectorView.swift; sourceTree = "<group>"; };
		06BB441C2693B9FA00357948 /* FuelLoup.app */ = {isa = PBXFileReference; explicitFileType = wrapper.application; includeInIndex = 0; path = FuelLoup.app; sourceTree = BUILT_PRODUCTS_DIR; };
		06BB441F2693B9FA00357948 /* AppDelegate.swift */ = {isa = PBXFileReference; lastKnownFileType = sourcecode.swift; path = AppDelegate.swift; sourceTree = "<group>"; };
		06BB44212693B9FA00357948 /* SceneDelegate.swift */ = {isa = PBXFileReference; lastKnownFileType = sourcecode.swift; path = SceneDelegate.swift; sourceTree = "<group>"; };
		06BB44262693B9FA00357948 /* Base */ = {isa = PBXFileReference; lastKnownFileType = file.storyboard; name = Base; path = Base.lproj/Main.storyboard; sourceTree = "<group>"; };
		06BB44292693B9FA00357948 /* FuelLoup.xcdatamodel */ = {isa = PBXFileReference; lastKnownFileType = wrapper.xcdatamodel; path = FuelLoup.xcdatamodel; sourceTree = "<group>"; };
		06BB442B2693BA0000357948 /* Assets.xcassets */ = {isa = PBXFileReference; lastKnownFileType = folder.assetcatalog; path = Assets.xcassets; sourceTree = "<group>"; };
		06BB442E2693BA0000357948 /* Base */ = {isa = PBXFileReference; lastKnownFileType = file.storyboard; name = Base; path = Base.lproj/LaunchScreen.storyboard; sourceTree = "<group>"; };
		06BB44302693BA0000357948 /* Info.plist */ = {isa = PBXFileReference; lastKnownFileType = text.plist.xml; path = Info.plist; sourceTree = "<group>"; };
		06BB444A26950DE100357948 /* StationsResponse.swift */ = {isa = PBXFileReference; lastKnownFileType = sourcecode.swift; path = StationsResponse.swift; sourceTree = "<group>"; };
		06BB444E26965C4600357948 /* FuelLoupClient.swift */ = {isa = PBXFileReference; lastKnownFileType = sourcecode.swift; path = FuelLoupClient.swift; sourceTree = "<group>"; };
		06BB445026966E9300357948 /* MapTabViewController.swift */ = {isa = PBXFileReference; lastKnownFileType = sourcecode.swift; path = MapTabViewController.swift; sourceTree = "<group>"; };
		06BB445226966ECF00357948 /* NetworkHelper.swift */ = {isa = PBXFileReference; lastKnownFileType = sourcecode.swift; path = NetworkHelper.swift; sourceTree = "<group>"; };
		06CBC1BE27B32523003C22C0 /* AddFavoritesButtonConfiguration.swift */ = {isa = PBXFileReference; lastKnownFileType = sourcecode.swift; path = AddFavoritesButtonConfiguration.swift; sourceTree = "<group>"; };
		06CBC1C227B48608003C22C0 /* SegueIdentifiers.swift */ = {isa = PBXFileReference; lastKnownFileType = sourcecode.swift; path = SegueIdentifiers.swift; sourceTree = "<group>"; };
		06CBC1C427C12842003C22C0 /* FuelLoupAnnotationView.swift */ = {isa = PBXFileReference; lastKnownFileType = sourcecode.swift; path = FuelLoupAnnotationView.swift; sourceTree = "<group>"; };
		06CBC1C727C2B4B6003C22C0 /* CustomAnnotationView.swift */ = {isa = PBXFileReference; lastKnownFileType = sourcecode.swift; path = CustomAnnotationView.swift; sourceTree = "<group>"; };
		06CBC1C927C2B4DC003C22C0 /* CalloutView.swift */ = {isa = PBXFileReference; lastKnownFileType = sourcecode.swift; path = CalloutView.swift; sourceTree = "<group>"; };
		06CBC1CB27C2BEC5003C22C0 /* ExampleCalloutView.swift */ = {isa = PBXFileReference; lastKnownFileType = sourcecode.swift; path = ExampleCalloutView.swift; sourceTree = "<group>"; };
/* End PBXFileReference section */

/* Begin PBXFrameworksBuildPhase section */
		06BB44192693B9FA00357948 /* Frameworks */ = {
			isa = PBXFrameworksBuildPhase;
			buildActionMask = 2147483647;
			files = (
				06A2A3FD284982EB00455666 /* Lottie.xcframework in Frameworks */,
				06A2A3FA284982E900455666 /* Alamofire.xcframework in Frameworks */,
			);
			runOnlyForDeploymentPostprocessing = 0;
		};
/* End PBXFrameworksBuildPhase section */

/* Begin PBXGroup section */
		063F9F7C26E0338A006DF74F /* View */ = {
			isa = PBXGroup;
			children = (
				06CBC1C627C2B484003C22C0 /* CustomCallout */,
				0663EDF9287AF5E500F53732 /* ConnectorView.xib */,
				063F9F7D26E033BA006DF74F /* EvStationPointAnnotation.swift */,
				0699591A2716355E00D90343 /* ConnectorView.swift */,
				064EBAAD2745C60300DBBC9A /* EvStationLocationCell.swift */,
				06CBC1C427C12842003C22C0 /* FuelLoupAnnotationView.swift */,
			);
			path = View;
			sourceTree = "<group>";
		};
		064EBAAA2744789100DBBC9A /* Utility */ = {
			isa = PBXGroup;
			children = (
				064EBAAB274478C300DBBC9A /* EvStationHelper.swift */,
				064EBAB1274ED13800DBBC9A /* LocationHelper.swift */,
				063453192790EF7D00758973 /* JsonDataToChargingParkTransformer.swift */,
				0634532A279C56F300758973 /* DataControllerAware.swift */,
				0634532D27A6FEEA00758973 /* JsonDataToAddressTransformer.swift */,
				0634532F27A7079700758973 /* Extensions.swift */,
				06CBC1BE27B32523003C22C0 /* AddFavoritesButtonConfiguration.swift */,
				06CBC1C227B48608003C22C0 /* SegueIdentifiers.swift */,
			);
			path = Utility;
			sourceTree = "<group>";
		};
		064EBAB42753F26E00DBBC9A /* ViewModel */ = {
			isa = PBXGroup;
			children = (
				064EBAB52753F28900DBBC9A /* ResultViewModel.swift */,
			);
			path = ViewModel;
			sourceTree = "<group>";
		};
		064ED1312819FDDB005253CA /* Libs */ = {
			isa = PBXGroup;
			children = (
				064ED1352819FF35005253CA /* Alamofire.xcframework */,
				064ED1332819FE80005253CA /* Lottie.xcframework */,
			);
			path = Libs;
			sourceTree = "<group>";
		};
		06BB44132693B9FA00357948 = {
			isa = PBXGroup;
			children = (
				06BB441E2693B9FA00357948 /* FuelLoup */,
				06BB441D2693B9FA00357948 /* Products */,
				06BB444326950C2300357948 /* Frameworks */,
			);
			sourceTree = "<group>";
		};
		06BB441D2693B9FA00357948 /* Products */ = {
			isa = PBXGroup;
			children = (
				06BB441C2693B9FA00357948 /* FuelLoup.app */,
			);
			name = Products;
			sourceTree = "<group>";
		};
		06BB441E2693B9FA00357948 /* FuelLoup */ = {
			isa = PBXGroup;
			children = (
				064ED1312819FDDB005253CA /* Libs */,
				064EBAB42753F26E00DBBC9A /* ViewModel */,
				064EBAAA2744789100DBBC9A /* Utility */,
				063F9F7C26E0338A006DF74F /* View */,
				06BB443A2693C5EE00357948 /* Network */,
				06BB44382693BF7B00357948 /* Controller */,
				06BB44372693BF6700357948 /* Model */,
				06BB441F2693B9FA00357948 /* AppDelegate.swift */,
				06BB44212693B9FA00357948 /* SceneDelegate.swift */,
				06BB44252693B9FA00357948 /* Main.storyboard */,
				06BB442B2693BA0000357948 /* Assets.xcassets */,
				06BB442D2693BA0000357948 /* LaunchScreen.storyboard */,
				06345326279C3A3900758973 /* added_fav.json */,
				06BB44302693BA0000357948 /* Info.plist */,
				0663EDF5287207E200F53732 /* Localizable.strings */,
			);
			path = FuelLoup;
			sourceTree = "<group>";
		};
		06BB44372693BF6700357948 /* Model */ = {
			isa = PBXGroup;
			children = (
				063452D22787B44300758973 /* FuelLoupDataController.swift */,
				06BB44282693B9FA00357948 /* FuelLoup.xcdatamodeld */,
				06BB444A26950DE100357948 /* StationsResponse.swift */,
				063F9F7626B8B169006DF74F /* ResultModel.swift */,
				063F9F7826D2C812006DF74F /* DetailsModel.swift */,
			);
			path = Model;
			sourceTree = "<group>";
		};
		06BB44382693BF7B00357948 /* Controller */ = {
			isa = PBXGroup;
			children = (
				06BB445026966E9300357948 /* MapTabViewController.swift */,
				063F9F7A26D31B72006DF74F /* EvStationDetailsViewController.swift */,
				064EBAA827446A4D00DBBC9A /* TableTabViewController.swift */,
				064ED13728282DDB005253CA /* MapSettingsViewController.swift */,
			);
			path = Controller;
			sourceTree = "<group>";
		};
		06BB443A2693C5EE00357948 /* Network */ = {
			isa = PBXGroup;
			children = (
				06BB444E26965C4600357948 /* FuelLoupClient.swift */,
				06BB445226966ECF00357948 /* NetworkHelper.swift */,
			);
			path = Network;
			sourceTree = "<group>";
		};
		06BB444326950C2300357948 /* Frameworks */ = {
			isa = PBXGroup;
			children = (
			);
			name = Frameworks;
			sourceTree = "<group>";
		};
		06CBC1C627C2B484003C22C0 /* CustomCallout */ = {
			isa = PBXGroup;
			children = (
				06CBC1C727C2B4B6003C22C0 /* CustomAnnotationView.swift */,
				06CBC1C927C2B4DC003C22C0 /* CalloutView.swift */,
				06CBC1CB27C2BEC5003C22C0 /* ExampleCalloutView.swift */,
			);
			path = CustomCallout;
			sourceTree = "<group>";
		};
/* End PBXGroup section */

/* Begin PBXNativeTarget section */
		06BB441B2693B9FA00357948 /* FuelLoup */ = {
			isa = PBXNativeTarget;
			buildConfigurationList = 06BB44332693BA0000357948 /* Build configuration list for PBXNativeTarget "FuelLoup" */;
			buildPhases = (
				06BB44182693B9FA00357948 /* Sources */,
				06BB44192693B9FA00357948 /* Frameworks */,
				06BB441A2693B9FA00357948 /* Resources */,
				06A2A3FC284982E900455666 /* Embed Frameworks */,
			);
			buildRules = (
			);
			dependencies = (
			);
			name = FuelLoup;
			productName = FuelLoup;
			productReference = 06BB441C2693B9FA00357948 /* FuelLoup.app */;
			productType = "com.apple.product-type.application";
		};
/* End PBXNativeTarget section */

/* Begin PBXProject section */
		06BB44142693B9FA00357948 /* Project object */ = {
			isa = PBXProject;
			attributes = {
				LastSwiftUpdateCheck = 1240;
				LastUpgradeCheck = 1240;
				TargetAttributes = {
					06BB441B2693B9FA00357948 = {
						CreatedOnToolsVersion = 12.4;
					};
				};
			};
			buildConfigurationList = 06BB44172693B9FA00357948 /* Build configuration list for PBXProject "FuelLoup" */;
			compatibilityVersion = "Xcode 9.3";
			developmentRegion = en;
			hasScannedForEncodings = 0;
			knownRegions = (
				en,
				Base,
				pl,
			);
			mainGroup = 06BB44132693B9FA00357948;
			productRefGroup = 06BB441D2693B9FA00357948 /* Products */;
			projectDirPath = "";
			projectRoot = "";
			targets = (
				06BB441B2693B9FA00357948 /* FuelLoup */,
			);
		};
/* End PBXProject section */

/* Begin PBXResourcesBuildPhase section */
		06BB441A2693B9FA00357948 /* Resources */ = {
			isa = PBXResourcesBuildPhase;
			buildActionMask = 2147483647;
			files = (
				06BB442F2693BA0000357948 /* LaunchScreen.storyboard in Resources */,
				0663EDF3287207E200F53732 /* Localizable.strings in Resources */,
				06BB442C2693BA0000357948 /* Assets.xcassets in Resources */,
				06BB44272693B9FA00357948 /* Main.storyboard in Resources */,
				0663EDF7287AF5E500F53732 /* ConnectorView.xib in Resources */,
				06345327279C3A3900758973 /* added_fav.json in Resources */,
			);
			runOnlyForDeploymentPostprocessing = 0;
		};
/* End PBXResourcesBuildPhase section */

/* Begin PBXSourcesBuildPhase section */
		06BB44182693B9FA00357948 /* Sources */ = {
			isa = PBXSourcesBuildPhase;
			buildActionMask = 2147483647;
			files = (
				06CBC1C327B48608003C22C0 /* SegueIdentifiers.swift in Sources */,
				0699591B2716355E00D90343 /* ConnectorView.swift in Sources */,
				064EBAB62753F28900DBBC9A /* ResultViewModel.swift in Sources */,
				064EBAAC274478C300DBBC9A /* EvStationHelper.swift in Sources */,
				0634532E27A6FEEA00758973 /* JsonDataToAddressTransformer.swift in Sources */,
				063F9F7726B8B169006DF74F /* ResultModel.swift in Sources */,
				063F9F7B26D31B72006DF74F /* EvStationDetailsViewController.swift in Sources */,
				06BB444B26950DE100357948 /* StationsResponse.swift in Sources */,
				06CBC1C827C2B4B6003C22C0 /* CustomAnnotationView.swift in Sources */,
				064ED13828282DDB005253CA /* MapSettingsViewController.swift in Sources */,
				06CBC1C527C12842003C22C0 /* FuelLoupAnnotationView.swift in Sources */,
				06BB445326966ECF00357948 /* NetworkHelper.swift in Sources */,
				06BB445126966E9300357948 /* MapTabViewController.swift in Sources */,
				0634533027A7079700758973 /* Extensions.swift in Sources */,
				0634531A2790EF7D00758973 /* JsonDataToChargingParkTransformer.swift in Sources */,
				06CBC1CA27C2B4DC003C22C0 /* CalloutView.swift in Sources */,
				064EBAA927446A4D00DBBC9A /* TableTabViewController.swift in Sources */,
				064EBAB2274ED13800DBBC9A /* LocationHelper.swift in Sources */,
				064EBAAE2745C60300DBBC9A /* EvStationLocationCell.swift in Sources */,
				06BB442A2693B9FA00357948 /* FuelLoup.xcdatamodeld in Sources */,
				063F9F7E26E033BA006DF74F /* EvStationPointAnnotation.swift in Sources */,
				06BB44202693B9FA00357948 /* AppDelegate.swift in Sources */,
				06BB444F26965C4600357948 /* FuelLoupClient.swift in Sources */,
				06CBC1CC27C2BEC5003C22C0 /* ExampleCalloutView.swift in Sources */,
				06CBC1BF27B32523003C22C0 /* AddFavoritesButtonConfiguration.swift in Sources */,
				063452D32787B44300758973 /* FuelLoupDataController.swift in Sources */,
				0634532B279C56F300758973 /* DataControllerAware.swift in Sources */,
				063F9F7926D2C812006DF74F /* DetailsModel.swift in Sources */,
				06BB44222693B9FA00357948 /* SceneDelegate.swift in Sources */,
			);
			runOnlyForDeploymentPostprocessing = 0;
		};
/* End PBXSourcesBuildPhase section */

/* Begin PBXVariantGroup section */
		0663EDF5287207E200F53732 /* Localizable.strings */ = {
			isa = PBXVariantGroup;
			children = (
				0663EDF4287207E200F53732 /* pl */,
				0663EDF62872087000F53732 /* en */,
			);
			name = Localizable.strings;
			sourceTree = "<group>";
		};
		0663EDF9287AF5E500F53732 /* ConnectorView.xib */ = {
			isa = PBXVariantGroup;
			children = (
				0663EDFA287AF5EC00F53732 /* Base */,
				0663EDFB287AF63500F53732 /* pl */,
			);
			name = ConnectorView.xib;
			sourceTree = SOURCE_ROOT;
		};
		06BB44252693B9FA00357948 /* Main.storyboard */ = {
			isa = PBXVariantGroup;
			children = (
				06BB44262693B9FA00357948 /* Base */,
				0663EDEF2872078100F53732 /* pl */,
			);
			name = Main.storyboard;
			sourceTree = "<group>";
		};
		06BB442D2693BA0000357948 /* LaunchScreen.storyboard */ = {
			isa = PBXVariantGroup;
			children = (
				06BB442E2693BA0000357948 /* Base */,
				0663EDF02872078100F53732 /* pl */,
			);
			name = LaunchScreen.storyboard;
			sourceTree = "<group>";
		};
/* End PBXVariantGroup section */

/* Begin XCBuildConfiguration section */
		06BB44312693BA0000357948 /* Debug */ = {
			isa = XCBuildConfiguration;
			buildSettings = {
				ALWAYS_SEARCH_USER_PATHS = NO;
				CLANG_ANALYZER_LOCALIZABILITY_NONLOCALIZED = YES;
				CLANG_ANALYZER_NONNULL = YES;
				CLANG_ANALYZER_NUMBER_OBJECT_CONVERSION = YES_AGGRESSIVE;
				CLANG_CXX_LANGUAGE_STANDARD = "gnu++14";
				CLANG_CXX_LIBRARY = "libc++";
				CLANG_ENABLE_MODULES = YES;
				CLANG_ENABLE_OBJC_ARC = YES;
				CLANG_ENABLE_OBJC_WEAK = YES;
				CLANG_WARN_BLOCK_CAPTURE_AUTORELEASING = YES;
				CLANG_WARN_BOOL_CONVERSION = YES;
				CLANG_WARN_COMMA = YES;
				CLANG_WARN_CONSTANT_CONVERSION = YES;
				CLANG_WARN_DEPRECATED_OBJC_IMPLEMENTATIONS = YES;
				CLANG_WARN_DIRECT_OBJC_ISA_USAGE = YES_ERROR;
				CLANG_WARN_DOCUMENTATION_COMMENTS = YES;
				CLANG_WARN_EMPTY_BODY = YES;
				CLANG_WARN_ENUM_CONVERSION = YES;
				CLANG_WARN_INFINITE_RECURSION = YES;
				CLANG_WARN_INT_CONVERSION = YES;
				CLANG_WARN_NON_LITERAL_NULL_CONVERSION = YES;
				CLANG_WARN_OBJC_IMPLICIT_RETAIN_SELF = YES;
				CLANG_WARN_OBJC_LITERAL_CONVERSION = YES;
				CLANG_WARN_OBJC_ROOT_CLASS = YES_ERROR;
				CLANG_WARN_QUOTED_INCLUDE_IN_FRAMEWORK_HEADER = YES;
				CLANG_WARN_RANGE_LOOP_ANALYSIS = YES;
				CLANG_WARN_STRICT_PROTOTYPES = YES;
				CLANG_WARN_SUSPICIOUS_MOVE = YES;
				CLANG_WARN_UNGUARDED_AVAILABILITY = YES_AGGRESSIVE;
				CLANG_WARN_UNREACHABLE_CODE = YES;
				CLANG_WARN__DUPLICATE_METHOD_MATCH = YES;
				COPY_PHASE_STRIP = NO;
				DEBUG_INFORMATION_FORMAT = dwarf;
				ENABLE_STRICT_OBJC_MSGSEND = YES;
				ENABLE_TESTABILITY = YES;
				GCC_C_LANGUAGE_STANDARD = gnu11;
				GCC_DYNAMIC_NO_PIC = NO;
				GCC_NO_COMMON_BLOCKS = YES;
				GCC_OPTIMIZATION_LEVEL = 0;
				GCC_PREPROCESSOR_DEFINITIONS = (
					"DEBUG=1",
					"$(inherited)",
				);
				GCC_WARN_64_TO_32_BIT_CONVERSION = YES;
				GCC_WARN_ABOUT_RETURN_TYPE = YES_ERROR;
				GCC_WARN_UNDECLARED_SELECTOR = YES;
				GCC_WARN_UNINITIALIZED_AUTOS = YES_AGGRESSIVE;
				GCC_WARN_UNUSED_FUNCTION = YES;
				GCC_WARN_UNUSED_VARIABLE = YES;
				IPHONEOS_DEPLOYMENT_TARGET = 14.4;
				MTL_ENABLE_DEBUG_INFO = INCLUDE_SOURCE;
				MTL_FAST_MATH = YES;
				ONLY_ACTIVE_ARCH = YES;
				SDKROOT = iphoneos;
				SWIFT_ACTIVE_COMPILATION_CONDITIONS = DEBUG;
				SWIFT_OPTIMIZATION_LEVEL = "-Onone";
			};
			name = Debug;
		};
		06BB44322693BA0000357948 /* Release */ = {
			isa = XCBuildConfiguration;
			buildSettings = {
				ALWAYS_SEARCH_USER_PATHS = NO;
				CLANG_ANALYZER_LOCALIZABILITY_NONLOCALIZED = YES;
				CLANG_ANALYZER_NONNULL = YES;
				CLANG_ANALYZER_NUMBER_OBJECT_CONVERSION = YES_AGGRESSIVE;
				CLANG_CXX_LANGUAGE_STANDARD = "gnu++14";
				CLANG_CXX_LIBRARY = "libc++";
				CLANG_ENABLE_MODULES = YES;
				CLANG_ENABLE_OBJC_ARC = YES;
				CLANG_ENABLE_OBJC_WEAK = YES;
				CLANG_WARN_BLOCK_CAPTURE_AUTORELEASING = YES;
				CLANG_WARN_BOOL_CONVERSION = YES;
				CLANG_WARN_COMMA = YES;
				CLANG_WARN_CONSTANT_CONVERSION = YES;
				CLANG_WARN_DEPRECATED_OBJC_IMPLEMENTATIONS = YES;
				CLANG_WARN_DIRECT_OBJC_ISA_USAGE = YES_ERROR;
				CLANG_WARN_DOCUMENTATION_COMMENTS = YES;
				CLANG_WARN_EMPTY_BODY = YES;
				CLANG_WARN_ENUM_CONVERSION = YES;
				CLANG_WARN_INFINITE_RECURSION = YES;
				CLANG_WARN_INT_CONVERSION = YES;
				CLANG_WARN_NON_LITERAL_NULL_CONVERSION = YES;
				CLANG_WARN_OBJC_IMPLICIT_RETAIN_SELF = YES;
				CLANG_WARN_OBJC_LITERAL_CONVERSION = YES;
				CLANG_WARN_OBJC_ROOT_CLASS = YES_ERROR;
				CLANG_WARN_QUOTED_INCLUDE_IN_FRAMEWORK_HEADER = YES;
				CLANG_WARN_RANGE_LOOP_ANALYSIS = YES;
				CLANG_WARN_STRICT_PROTOTYPES = YES;
				CLANG_WARN_SUSPICIOUS_MOVE = YES;
				CLANG_WARN_UNGUARDED_AVAILABILITY = YES_AGGRESSIVE;
				CLANG_WARN_UNREACHABLE_CODE = YES;
				CLANG_WARN__DUPLICATE_METHOD_MATCH = YES;
				COPY_PHASE_STRIP = NO;
				DEBUG_INFORMATION_FORMAT = "dwarf-with-dsym";
				ENABLE_NS_ASSERTIONS = NO;
				ENABLE_STRICT_OBJC_MSGSEND = YES;
				GCC_C_LANGUAGE_STANDARD = gnu11;
				GCC_NO_COMMON_BLOCKS = YES;
				GCC_WARN_64_TO_32_BIT_CONVERSION = YES;
				GCC_WARN_ABOUT_RETURN_TYPE = YES_ERROR;
				GCC_WARN_UNDECLARED_SELECTOR = YES;
				GCC_WARN_UNINITIALIZED_AUTOS = YES_AGGRESSIVE;
				GCC_WARN_UNUSED_FUNCTION = YES;
				GCC_WARN_UNUSED_VARIABLE = YES;
				IPHONEOS_DEPLOYMENT_TARGET = 14.4;
				MTL_ENABLE_DEBUG_INFO = NO;
				MTL_FAST_MATH = YES;
				SDKROOT = iphoneos;
				SWIFT_COMPILATION_MODE = wholemodule;
				SWIFT_OPTIMIZATION_LEVEL = "-O";
				VALIDATE_PRODUCT = YES;
			};
			name = Release;
		};
		06BB44342693BA0000357948 /* Debug */ = {
			isa = XCBuildConfiguration;
			buildSettings = {
				ASSETCATALOG_COMPILER_APPICON_NAME = AppIcon;
				ASSETCATALOG_COMPILER_GLOBAL_ACCENT_COLOR_NAME = AccentColor;
				CODE_SIGN_STYLE = Automatic;
				DEVELOPMENT_TEAM = 96Y8X39QLJ;
				FRAMEWORK_SEARCH_PATHS = (
					"$(inherited)",
					"$(PROJECT_DIR)",
					"$(PROJECT_DIR)/Carthage/Build/iOS",
				);
				INFOPLIST_FILE = FuelLoup/Info.plist;
				IPHONEOS_DEPLOYMENT_TARGET = 14.0;
				LD_RUNPATH_SEARCH_PATHS = (
					"$(inherited)",
					"@executable_path/FuelLoup/Libs",
					"@executable_path/Frameworks",
				);
				PRODUCT_BUNDLE_IDENTIFIER = Plumya.FuelLoup;
				PRODUCT_NAME = "$(TARGET_NAME)";
				SWIFT_VERSION = 5.0;
				TARGETED_DEVICE_FAMILY = "1,2";
			};
			name = Debug;
		};
		06BB44352693BA0000357948 /* Release */ = {
			isa = XCBuildConfiguration;
			buildSettings = {
				ASSETCATALOG_COMPILER_APPICON_NAME = AppIcon;
				ASSETCATALOG_COMPILER_GLOBAL_ACCENT_COLOR_NAME = AccentColor;
				CODE_SIGN_STYLE = Automatic;
				DEVELOPMENT_TEAM = 96Y8X39QLJ;
				FRAMEWORK_SEARCH_PATHS = (
					"$(inherited)",
					"$(PROJECT_DIR)",
					"$(PROJECT_DIR)/Carthage/Build/iOS",
				);
				INFOPLIST_FILE = FuelLoup/Info.plist;
				IPHONEOS_DEPLOYMENT_TARGET = 14.0;
				LD_RUNPATH_SEARCH_PATHS = (
					"$(inherited)",
					"@executable_path/FuelLoup/Libs",
					"@executable_path/Frameworks",
				);
				PRODUCT_BUNDLE_IDENTIFIER = Plumya.FuelLoup;
				PRODUCT_NAME = "$(TARGET_NAME)";
				SWIFT_VERSION = 5.0;
				TARGETED_DEVICE_FAMILY = "1,2";
			};
			name = Release;
		};
/* End XCBuildConfiguration section */

/* Begin XCConfigurationList section */
		06BB44172693B9FA00357948 /* Build configuration list for PBXProject "FuelLoup" */ = {
			isa = XCConfigurationList;
			buildConfigurations = (
				06BB44312693BA0000357948 /* Debug */,
				06BB44322693BA0000357948 /* Release */,
			);
			defaultConfigurationIsVisible = 0;
			defaultConfigurationName = Release;
		};
		06BB44332693BA0000357948 /* Build configuration list for PBXNativeTarget "FuelLoup" */ = {
			isa = XCConfigurationList;
			buildConfigurations = (
				06BB44342693BA0000357948 /* Debug */,
				06BB44352693BA0000357948 /* Release */,
			);
			defaultConfigurationIsVisible = 0;
			defaultConfigurationName = Release;
		};
/* End XCConfigurationList section */

/* Begin XCVersionGroup section */
		06BB44282693B9FA00357948 /* FuelLoup.xcdatamodeld */ = {
			isa = XCVersionGroup;
			children = (
				06BB44292693B9FA00357948 /* FuelLoup.xcdatamodel */,
			);
			currentVersion = 06BB44292693B9FA00357948 /* FuelLoup.xcdatamodel */;
			path = FuelLoup.xcdatamodeld;
			sourceTree = "<group>";
			versionGroupType = wrapper.xcdatamodel;
		};
/* End XCVersionGroup section */
	};
	rootObject = 06BB44142693B9FA00357948 /* Project object */;
}
